
Microsoft Visual Studio Solution File, Format Version 12.00
# Visual Studio Version 16
VisualStudioVersion = 16.0.30517.126
MinimumVisualStudioVersion = 10.0.40219.1
Project("{FAE04EC0-301F-11D3-BF4B-00C04F79EFBC}") = "LivrariaWeb", "LivrariaWeb.csproj", "{D699D605-15E0-4924-BCD5-379CB023325E}"
EndProject
Global
	GlobalSection(SolutionConfigurationPlatforms) = preSolution
		Debug|Any CPU = Debug|Any CPU
		Release|Any CPU = Release|Any CPU
	EndGlobalSection
	GlobalSection(ProjectConfigurationPlatforms) = postSolution
		{D699D605-15E0-4924-BCD5-379CB023325E}.Debug|Any CPU.ActiveCfg = Debug|Any CPU
		{D699D605-15E0-4924-BCD5-379CB023325E}.Debug|Any CPU.Build.0 = Debug|Any CPU
		{D699D605-15E0-4924-BCD5-379CB023325E}.Release|Any CPU.ActiveCfg = Release|Any CPU
		{D699D605-15E0-4924-BCD5-379CB023325E}.Release|Any CPU.Build.0 = Release|Any CPU
	EndGlobalSection
	GlobalSection(SolutionProperties) = preSolution
		HideSolutionNode = FALSE
	EndGlobalSection
	GlobalSection(ExtensibilityGlobals) = postSolution
		SolutionGuid = {55A1CD21-5DA0-418C-AF20-33C42E7D7BC5}
	EndGlobalSection
EndGlobal
